
Microsoft Visual Studio Solution File, Format Version 12.00
# Visual Studio Version 17
VisualStudioVersion = 17.8.34408.163
MinimumVisualStudioVersion = 10.0.40219.1
Project("{9A19103F-16F7-4668-BE54-9A1E7A4F7556}") = "ProductStore", "ProductStore\ProductStore.csproj", "{76B2D525-AE69-4DD6-A835-B5C564323EE3}"
EndProject
Project("{9A19103F-16F7-4668-BE54-9A1E7A4F7556}") = "Meny To Meny Relationship in MVC", "Meny To Meny Relationship in MVC\Meny To Meny Relationship in MVC.csproj", "{4ED0AFB1-6E04-4A76-8EFA-5A42B52B1385}"
EndProject
Global
	GlobalSection(SolutionConfigurationPlatforms) = preSolution
		Debug|Any CPU = Debug|Any CPU
		Release|Any CPU = Release|Any CPU
	EndGlobalSection
	GlobalSection(ProjectConfigurationPlatforms) = postSolution
		{76B2D525-AE69-4DD6-A835-B5C564323EE3}.Debug|Any CPU.ActiveCfg = Debug|Any CPU
		{76B2D525-AE69-4DD6-A835-B5C564323EE3}.Debug|Any CPU.Build.0 = Debug|Any CPU
		{76B2D525-AE69-4DD6-A835-B5C564323EE3}.Release|Any CPU.ActiveCfg = Release|Any CPU
		{76B2D525-AE69-4DD6-A835-B5C564323EE3}.Release|Any CPU.Build.0 = Release|Any CPU
		{4ED0AFB1-6E04-4A76-8EFA-5A42B52B1385}.Debug|Any CPU.ActiveCfg = Debug|Any CPU
		{4ED0AFB1-6E04-4A76-8EFA-5A42B52B1385}.Debug|Any CPU.Build.0 = Debug|Any CPU
		{4ED0AFB1-6E04-4A76-8EFA-5A42B52B1385}.Release|Any CPU.ActiveCfg = Release|Any CPU
		{4ED0AFB1-6E04-4A76-8EFA-5A42B52B1385}.Release|Any CPU.Build.0 = Release|Any CPU
	EndGlobalSection
	GlobalSection(SolutionProperties) = preSolution
		HideSolutionNode = FALSE
	EndGlobalSection
	GlobalSection(ExtensibilityGlobals) = postSolution
		SolutionGuid = {66C4AE3E-A158-4917-9212-BE244BA7EEB7}
	EndGlobalSection
EndGlobal
